{
	"name": "@mishguru/turbine-utils-error",
	"version": "4.26.0",
	"lockfileVersion": 1,
	"requires": true,
	"dependencies": {
		"@mishguru/turbine-types": {
			"version": "4.26.0",
			"resolved": "https://registry.npmjs.org/@mishguru/turbine-types/-/turbine-types-4.26.0.tgz",
			"integrity": "sha512-erucT/wQpaEhD5OCW1iX18Pg0KV9ev8hdli1dHH5mfoBDU/ab71iAwMOKkR2Ph2AUOGIlhl853BGlZqpAlX3SA=="
		},
		"@types/node": {
			"version": "11.11.4",
			"resolved": "https://registry.npmjs.org/@types/node/-/node-11.11.4.tgz",
			"integrity": "sha512-02tIL+QIi/RW4E5xILdoAMjeJ9kYq5t5S2vciUdFPXv/ikFTb0zK8q9vXkg4+WAJuYXGiVT1H28AkD2C+IkXVw==",
			"dev": true
		}
	}
}
