{
	"name": "@mishguru/turbine-utils-error",
	"version": "4.23.1",
	"lockfileVersion": 1,
	"requires": true,
	"dependencies": {
		"@mishguru/turbine-types": {
			"version": "4.23.1",
			"resolved": "https://registry.npmjs.org/@mishguru/turbine-types/-/turbine-types-4.23.1.tgz",
			"integrity": "sha512-CJZFuZJExQJvI5x4609ibDwGZZr4dzDTEDUTHDpxFacU8wd3A9kCWEtLKXfmH0bxFXzkTt/zoz4JfeNLctxRFw=="
		},
		"@types/node": {
			"version": "11.10.4",
			"resolved": "https://registry.npmjs.org/@types/node/-/node-11.10.4.tgz",
			"integrity": "sha512-wa09itaLE8L705aXd8F80jnFpxz3Y1/KRHfKsYL2bPc0XF+wEWu8sR9n5bmeu8Ba1N9z2GRNzm/YdHcghLkLKg==",
			"dev": true
		}
	}
}
