{
	"name": "@mishguru/turbine-utils-error",
	"version": "4.25.0",
	"lockfileVersion": 1,
	"requires": true,
	"dependencies": {
		"@mishguru/turbine-types": {
			"version": "4.25.0",
			"resolved": "https://registry.npmjs.org/@mishguru/turbine-types/-/turbine-types-4.25.0.tgz",
			"integrity": "sha512-/YBlDDJtP8ARJ457UA3QpBqI9e335PLtkYy80bqnFVtW+Z/c0bEy7EOQxwiZDM67LhWeBYOrvQB4sAHVkE+q/Q=="
		},
		"@types/node": {
			"version": "11.10.4",
			"resolved": "https://registry.npmjs.org/@types/node/-/node-11.10.4.tgz",
			"integrity": "sha512-wa09itaLE8L705aXd8F80jnFpxz3Y1/KRHfKsYL2bPc0XF+wEWu8sR9n5bmeu8Ba1N9z2GRNzm/YdHcghLkLKg==",
			"dev": true
		}
	}
}
