{
  "name": "@mishguru/turbine-types",
  "version": "4.15.0",
  "lockfileVersion": 1,
  "requires": true,
  "dependencies": {
    "flow-bin": {
      "version": "0.92.1",
      "resolved": "https://registry.npmjs.org/flow-bin/-/flow-bin-0.92.1.tgz",
      "integrity": "sha512-F5kC5oQOR2FXROAeybJHFqgZP+moKV9fa/53QK4Q4WayTQHdA0KSl48KD1gP0A9mioRLiKUegTva/7I15cX3Iw==",
      "dev": true
    }
  }
}
